// !$*UTF8*$!
{
	archiveVersion = 1;
	classes = {
	};
	objectVersion = 51;
	objects = {

/* Begin PBXBuildFile section */
		3729374821BE45DA0002AC7E /* AppDelegate.swift in Sources */ = {isa = PBXBuildFile; fileRef = 3729374721BE45DA0002AC7E /* AppDelegate.swift */; };
		3729374A21BE45DA0002AC7E /* ViewController.swift in Sources */ = {isa = PBXBuildFile; fileRef = 3729374921BE45DA0002AC7E /* ViewController.swift */; };
		3729374D21BE45DA0002AC7E /* Main.storyboard in Resources */ = {isa = PBXBuildFile; fileRef = 3729374B21BE45DA0002AC7E /* Main.storyboard */; };
		3729374F21BE45DB0002AC7E /* Assets.xcassets in Resources */ = {isa = PBXBuildFile; fileRef = 3729374E21BE45DB0002AC7E /* Assets.xcassets */; };
		3729375221BE45DB0002AC7E /* LaunchScreen.storyboard in Resources */ = {isa = PBXBuildFile; fileRef = 3729375021BE45DB0002AC7E /* LaunchScreen.storyboard */; };
		3729375D21BE45DB0002AC7E /* HelloWorldTests.swift in Sources */ = {isa = PBXBuildFile; fileRef = 3729375C21BE45DB0002AC7E /* HelloWorldTests.swift */; };
		3729376821BE45DB0002AC7E /* HelloWorldUITests.swift in Sources */ = {isa = PBXBuildFile; fileRef = 3729376721BE45DB0002AC7E /* HelloWorldUITests.swift */; };
/* End PBXBuildFile section */

/* Begin PBXContainerItemProxy section */
		3729375921BE45DB0002AC7E /* PBXContainerItemProxy */ = {
			isa = PBXContainerItemProxy;
			containerPortal = 3729373C21BE45DA0002AC7E /* Project object */;
			proxyType = 1;
			remoteGlobalIDString = 3729374321BE45DA0002AC7E;
			remoteInfo = HelloWorld;
		};
		3729376421BE45DB0002AC7E /* PBXContainerItemProxy */ = {
			isa = PBXContainerItemProxy;
			containerPortal = 3729373C21BE45DA0002AC7E /* Project object */;
			proxyType = 1;
			remoteGlobalIDString = 3729374321BE45DA0002AC7E;
			remoteInfo = HelloWorld;
		};
/* End PBXContainerItemProxy section */

/* Begin PBXFileReference section */
		3729374421BE45DA0002AC7E /* HelloWorld.app */ = {isa = PBXFileReference; explicitFileType = wrapper.application; includeInIndex = 0; path = HelloWorld.app; sourceTree = BUILT_PRODUCTS_DIR; };
		3729374721BE45DA0002AC7E /* AppDelegate.swift */ = {isa = PBXFileReference; lastKnownFileType = sourcecode.swift; path = AppDelegate.swift; sourceTree = "<group>"; };
		3729374921BE45DA0002AC7E /* ViewController.swift */ = {isa = PBXFileReference; lastKnownFileType = sourcecode.swift; path = ViewController.swift; sourceTree = "<group>"; };
		3729374C21BE45DA0002AC7E /* Base */ = {isa = PBXFileReference; lastKnownFileType = file.storyboard; name = Base; path = Base.lproj/Main.storyboard; sourceTree = "<group>"; };
		3729374E21BE45DB0002AC7E /* Assets.xcassets */ = {isa = PBXFileReference; lastKnownFileType = folder.assetcatalog; path = Assets.xcassets; sourceTree = "<group>"; };
		3729375121BE45DB0002AC7E /* Base */ = {isa = PBXFileReference; lastKnownFileType = file.storyboard; name = Base; path = Base.lproj/LaunchScreen.storyboard; sourceTree = "<group>"; };
		3729375321BE45DB0002AC7E /* Info.plist */ = {isa = PBXFileReference; lastKnownFileType = text.plist.xml; path = Info.plist; sourceTree = "<group>"; };
		3729375821BE45DB0002AC7E /* HelloWorldTests.xctest */ = {isa = PBXFileReference; explicitFileType = wrapper.cfbundle; includeInIndex = 0; path = HelloWorldTests.xctest; sourceTree = BUILT_PRODUCTS_DIR; };
		3729375C21BE45DB0002AC7E /* HelloWorldTests.swift */ = {isa = PBXFileReference; lastKnownFileType = sourcecode.swift; path = HelloWorldTests.swift; sourceTree = "<group>"; };
		3729375E21BE45DB0002AC7E /* Info.plist */ = {isa = PBXFileReference; lastKnownFileType = text.plist.xml; path = Info.plist; sourceTree = "<group>"; };
		3729376321BE45DB0002AC7E /* HelloWorldUITests.xctest */ = {isa = PBXFileReference; explicitFileType = wrapper.cfbundle; includeInIndex = 0; path = HelloWorldUITests.xctest; sourceTree = BUILT_PRODUCTS_DIR; };
		3729376721BE45DB0002AC7E /* HelloWorldUITests.swift */ = {isa = PBXFileReference; lastKnownFileType = sourcecode.swift; path = HelloWorldUITests.swift; sourceTree = "<group>"; };
		3729376921BE45DB0002AC7E /* Info.plist */ = {isa = PBXFileReference; lastKnownFileType = text.plist.xml; path = Info.plist; sourceTree = "<group>"; };
/* End PBXFileReference section */

/* Begin PBXFrameworksBuildPhase section */
		3729374121BE45DA0002AC7E /* Frameworks */ = {
			isa = PBXFrameworksBuildPhase;
			buildActionMask = 2147483647;
			files = (
			);
			runOnlyForDeploymentPostprocessing = 0;
		};
		3729375521BE45DB0002AC7E /* Frameworks */ = {
			isa = PBXFrameworksBuildPhase;
			buildActionMask = 2147483647;
			files = (
			);
			runOnlyForDeploymentPostprocessing = 0;
		};
		3729376021BE45DB0002AC7E /* Frameworks */ = {
			isa = PBXFrameworksBuildPhase;
			buildActionMask = 2147483647;
			files = (
			);
			runOnlyForDeploymentPostprocessing = 0;
		};
/* End PBXFrameworksBuildPhase section */

/* Begin PBXGroup section */
		3729373B21BE45DA0002AC7E = {
			isa = PBXGroup;
			children = (
				3729374621BE45DA0002AC7E /* HelloWorld */,
				3729375B21BE45DB0002AC7E /* HelloWorldTests */,
				3729376621BE45DB0002AC7E /* HelloWorldUITests */,
				3729374521BE45DA0002AC7E /* Products */,
			);
			sourceTree = "<group>";
		};
		3729374521BE45DA0002AC7E /* Products */ = {
			isa = PBXGroup;
			children = (
				3729374421BE45DA0002AC7E /* HelloWorld.app */,
				3729375821BE45DB0002AC7E /* HelloWorldTests.xctest */,
				3729376321BE45DB0002AC7E /* HelloWorldUITests.xctest */,
			);
			name = Products;
			sourceTree = "<group>";
		};
		3729374621BE45DA0002AC7E /* HelloWorld */ = {
			isa = PBXGroup;
			children = (
				3729374721BE45DA0002AC7E /* AppDelegate.swift */,
				3729374921BE45DA0002AC7E /* ViewController.swift */,
				3729374B21BE45DA0002AC7E /* Main.storyboard */,
				3729374E21BE45DB0002AC7E /* Assets.xcassets */,
				3729375021BE45DB0002AC7E /* LaunchScreen.storyboard */,
				3729375321BE45DB0002AC7E /* Info.plist */,
			);
			path = HelloWorld;
			sourceTree = "<group>";
		};
		3729375B21BE45DB0002AC7E /* HelloWorldTests */ = {
			isa = PBXGroup;
			children = (
				3729375C21BE45DB0002AC7E /* HelloWorldTests.swift */,
				3729375E21BE45DB0002AC7E /* Info.plist */,
			);
			path = HelloWorldTests;
			sourceTree = "<group>";
		};
		3729376621BE45DB0002AC7E /* HelloWorldUITests */ = {
			isa = PBXGroup;
			children = (
				3729376721BE45DB0002AC7E /* HelloWorldUITests.swift */,
				3729376921BE45DB0002AC7E /* Info.plist */,
			);
			path = HelloWorldUITests;
			sourceTree = "<group>";
		};
/* End PBXGroup section */

/* Begin PBXNativeTarget section */
		3729374321BE45DA0002AC7E /* HelloWorld */ = {
			isa = PBXNativeTarget;
			buildConfigurationList = 3729376C21BE45DB0002AC7E /* Build configuration list for PBXNativeTarget "HelloWorld" */;
			buildPhases = (
				3729374021BE45DA0002AC7E /* Sources */,
				3729374121BE45DA0002AC7E /* Frameworks */,
				3729374221BE45DA0002AC7E /* Resources */,
			);
			buildRules = (
			);
			dependencies = (
			);
			name = HelloWorld;
			productName = HelloWorld;
			productReference = 3729374421BE45DA0002AC7E /* HelloWorld.app */;
			productType = "com.apple.product-type.application";
		};
		3729375721BE45DB0002AC7E /* HelloWorldTests */ = {
			isa = PBXNativeTarget;
			buildConfigurationList = 3729376F21BE45DB0002AC7E /* Build configuration list for PBXNativeTarget "HelloWorldTests" */;
			buildPhases = (
				3729375421BE45DB0002AC7E /* Sources */,
				3729375521BE45DB0002AC7E /* Frameworks */,
				3729375621BE45DB0002AC7E /* Resources */,
			);
			buildRules = (
			);
			dependencies = (
				3729375A21BE45DB0002AC7E /* PBXTargetDependency */,
			);
			name = HelloWorldTests;
			productName = HelloWorldTests;
			productReference = 3729375821BE45DB0002AC7E /* HelloWorldTests.xctest */;
			productType = "com.apple.product-type.bundle.unit-test";
		};
		3729376221BE45DB0002AC7E /* HelloWorldUITests */ = {
			isa = PBXNativeTarget;
			buildConfigurationList = 3729377221BE45DB0002AC7E /* Build configuration list for PBXNativeTarget "HelloWorldUITests" */;
			buildPhases = (
				3729375F21BE45DB0002AC7E /* Sources */,
				3729376021BE45DB0002AC7E /* Frameworks */,
				3729376121BE45DB0002AC7E /* Resources */,
			);
			buildRules = (
			);
			dependencies = (
				3729376521BE45DB0002AC7E /* PBXTargetDependency */,
			);
			name = HelloWorldUITests;
			productName = HelloWorldUITests;
			productReference = 3729376321BE45DB0002AC7E /* HelloWorldUITests.xctest */;
			productType = "com.apple.product-type.bundle.ui-testing";
		};
/* End PBXNativeTarget section */

/* Begin PBXProject section */
		3729373C21BE45DA0002AC7E /* Project object */ = {
			isa = PBXProject;
			attributes = {
				LastSwiftUpdateCheck = 1010;
				LastUpgradeCheck = 1010;
				ORGANIZATIONNAME = baby1234;
				TargetAttributes = {
					3729374321BE45DA0002AC7E = {
						CreatedOnToolsVersion = 10.1;
					};
					3729375721BE45DB0002AC7E = {
						CreatedOnToolsVersion = 10.1;
						TestTargetID = 3729374321BE45DA0002AC7E;
					};
					3729376221BE45DB0002AC7E = {
						CreatedOnToolsVersion = 10.1;
						TestTargetID = 3729374321BE45DA0002AC7E;
					};
				};
			};
			buildConfigurationList = 3729373F21BE45DA0002AC7E /* Build configuration list for PBXProject "HelloWorld" */;
			compatibilityVersion = "Xcode 10.0";
			developmentRegion = en;
			hasScannedForEncodings = 0;
			knownRegions = (
				en,
				Base,
			);
			mainGroup = 3729373B21BE45DA0002AC7E;
			productRefGroup = 3729374521BE45DA0002AC7E /* Products */;
			projectDirPath = "";
			projectRoot = "";
			targets = (
				3729374321BE45DA0002AC7E /* HelloWorld */,
				3729375721BE45DB0002AC7E /* HelloWorldTests */,
				3729376221BE45DB0002AC7E /* HelloWorldUITests */,
			);
		};
/* End PBXProject section */

/* Begin PBXResourcesBuildPhase section */
		3729374221BE45DA0002AC7E /* Resources */ = {
			isa = PBXResourcesBuildPhase;
			buildActionMask = 2147483647;
			files = (
				3729375221BE45DB0002AC7E /* LaunchScreen.storyboard in Resources */,
				3729374F21BE45DB0002AC7E /* Assets.xcassets in Resources */,
				3729374D21BE45DA0002AC7E /* Main.storyboard in Resources */,
			);
			runOnlyForDeploymentPostprocessing = 0;
		};
		3729375621BE45DB0002AC7E /* Resources */ = {
			isa = PBXResourcesBuildPhase;
			buildActionMask = 2147483647;
			files = (
			);
			runOnlyForDeploymentPostprocessing = 0;
		};
		3729376121BE45DB0002AC7E /* Resources */ = {
			isa = PBXResourcesBuildPhase;
			buildActionMask = 2147483647;
			files = (
			);
			runOnlyForDeploymentPostprocessing = 0;
		};
/* End PBXResourcesBuildPhase section */

/* Begin PBXSourcesBuildPhase section */
		3729374021BE45DA0002AC7E /* Sources */ = {
			isa = PBXSourcesBuildPhase;
			buildActionMask = 2147483647;
			files = (
				3729374A21BE45DA0002AC7E /* ViewController.swift in Sources */,
				3729374821BE45DA0002AC7E /* AppDelegate.swift in Sources */,
			);
			runOnlyForDeploymentPostprocessing = 0;
		};
		3729375421BE45DB0002AC7E /* Sources */ = {
			isa = PBXSourcesBuildPhase;
			buildActionMask = 2147483647;
			files = (
				3729375D21BE45DB0002AC7E /* HelloWorldTests.swift in Sources */,
			);
			runOnlyForDeploymentPostprocessing = 0;
		};
		3729375F21BE45DB0002AC7E /* Sources */ = {
			isa = PBXSourcesBuildPhase;
			buildActionMask = 2147483647;
			files = (
				3729376821BE45DB0002AC7E /* HelloWorldUITests.swift in Sources */,
			);
			runOnlyForDeploymentPostprocessing = 0;
		};
/* End PBXSourcesBuildPhase section */

/* Begin PBXTargetDependency section */
		3729375A21BE45DB0002AC7E /* PBXTargetDependency */ = {
			isa = PBXTargetDependency;
			target = 3729374321BE45DA0002AC7E /* HelloWorld */;
			targetProxy = 3729375921BE45DB0002AC7E /* PBXContainerItemProxy */;
		};
		3729376521BE45DB0002AC7E /* PBXTargetDependency */ = {
			isa = PBXTargetDependency;
			target = 3729374321BE45DA0002AC7E /* HelloWorld */;
			targetProxy = 3729376421BE45DB0002AC7E /* PBXContainerItemProxy */;
		};
/* End PBXTargetDependency section */

/* Begin PBXVariantGroup section */
		3729374B21BE45DA0002AC7E /* Main.storyboard */ = {
			isa = PBXVariantGroup;
			children = (
				3729374C21BE45DA0002AC7E /* Base */,
			);
			name = Main.storyboard;
			sourceTree = "<group>";
		};
		3729375021BE45DB0002AC7E /* LaunchScreen.storyboard */ = {
			isa = PBXVariantGroup;
			children = (
				3729375121BE45DB0002AC7E /* Base */,
			);
			name = LaunchScreen.storyboard;
			sourceTree = "<group>";
		};
/* End PBXVariantGroup section */

/* Begin XCBuildConfiguration section */
		3729376A21BE45DB0002AC7E /* Debug */ = {
			isa = XCBuildConfiguration;
			buildSettings = {
				ALWAYS_SEARCH_USER_PATHS = NO;
				CLANG_ANALYZER_NONNULL = YES;
				CLANG_ANALYZER_NUMBER_OBJECT_CONVERSION = YES_AGGRESSIVE;
				CLANG_CXX_LANGUAGE_STANDARD = "gnu++14";
				CLANG_CXX_LIBRARY = "libc++";
				CLANG_ENABLE_MODULES = YES;
				CLANG_ENABLE_OBJC_ARC = YES;
				CLANG_ENABLE_OBJC_WEAK = YES;
				CLANG_WARN_BLOCK_CAPTURE_AUTORELEASING = YES;
				CLANG_WARN_BOOL_CONVERSION = YES;
				CLANG_WARN_COMMA = YES;
				CLANG_WARN_CONSTANT_CONVERSION = YES;
				CLANG_WARN_DEPRECATED_OBJC_IMPLEMENTATIONS = YES;
				CLANG_WARN_DIRECT_OBJC_ISA_USAGE = YES_ERROR;
				CLANG_WARN_DOCUMENTATION_COMMENTS = YES;
				CLANG_WARN_EMPTY_BODY = YES;
				CLANG_WARN_ENUM_CONVERSION = YES;
				CLANG_WARN_INFINITE_RECURSION = YES;
				CLANG_WARN_INT_CONVERSION = YES;
				CLANG_WARN_NON_LITERAL_NULL_CONVERSION = YES;
				CLANG_WARN_OBJC_IMPLICIT_RETAIN_SELF = YES;
				CLANG_WARN_OBJC_LITERAL_CONVERSION = YES;
				CLANG_WARN_OBJC_ROOT_CLASS = YES_ERROR;
				CLANG_WARN_RANGE_LOOP_ANALYSIS = YES;
				CLANG_WARN_STRICT_PROTOTYPES = YES;
				CLANG_WARN_SUSPICIOUS_MOVE = YES;
				CLANG_WARN_UNGUARDED_AVAILABILITY = YES_AGGRESSIVE;
				CLANG_WARN_UNREACHABLE_CODE = YES;
				CLANG_WARN__DUPLICATE_METHOD_MATCH = YES;
				CODE_SIGN_IDENTITY = "iPhone Developer";
				COPY_PHASE_STRIP = NO;
				DEBUG_INFORMATION_FORMAT = dwarf;
				ENABLE_STRICT_OBJC_MSGSEND = YES;
				ENABLE_TESTABILITY = YES;
				GCC_C_LANGUAGE_STANDARD = gnu11;
				GCC_DYNAMIC_NO_PIC = NO;
				GCC_NO_COMMON_BLOCKS = YES;
				GCC_OPTIMIZATION_LEVEL = 0;
				GCC_PREPROCESSOR_DEFINITIONS = (
					"DEBUG=1",
					"$(inherited)",
				);
				GCC_WARN_64_TO_32_BIT_CONVERSION = YES;
				GCC_WARN_ABOUT_RETURN_TYPE = YES_ERROR;
				GCC_WARN_UNDECLARED_SELECTOR = YES;
				GCC_WARN_UNINITIALIZED_AUTOS = YES_AGGRESSIVE;
				GCC_WARN_UNUSED_FUNCTION = YES;
				GCC_WARN_UNUSED_VARIABLE = YES;
				IPHONEOS_DEPLOYMENT_TARGET = 12.1;
				MTL_ENABLE_DEBUG_INFO = INCLUDE_SOURCE;
				MTL_FAST_MATH = YES;
				ONLY_ACTIVE_ARCH = YES;
				SDKROOT = iphoneos;
				SWIFT_ACTIVE_COMPILATION_CONDITIONS = DEBUG;
				SWIFT_OPTIMIZATION_LEVEL = "-Onone";
			};
			name = Debug;
		};
		3729376B21BE45DB0002AC7E /* Release */ = {
			isa = XCBuildConfiguration;
			buildSettings = {
				ALWAYS_SEARCH_USER_PATHS = NO;
				CLANG_ANALYZER_NONNULL = YES;
				CLANG_ANALYZER_NUMBER_OBJECT_CONVERSION = YES_AGGRESSIVE;
				CLANG_CXX_LANGUAGE_STANDARD = "gnu++14";
				CLANG_CXX_LIBRARY = "libc++";
				CLANG_ENABLE_MODULES = YES;
				CLANG_ENABLE_OBJC_ARC = YES;
				CLANG_ENABLE_OBJC_WEAK = YES;
				CLANG_WARN_BLOCK_CAPTURE_AUTORELEASING = YES;
				CLANG_WARN_BOOL_CONVERSION = YES;
				CLANG_WARN_COMMA = YES;
				CLANG_WARN_CONSTANT_CONVERSION = YES;
				CLANG_WARN_DEPRECATED_OBJC_IMPLEMENTATIONS = YES;
				CLANG_WARN_DIRECT_OBJC_ISA_USAGE = YES_ERROR;
				CLANG_WARN_DOCUMENTATION_COMMENTS = YES;
				CLANG_WARN_EMPTY_BODY = YES;
				CLANG_WARN_ENUM_CONVERSION = YES;
				CLANG_WARN_INFINITE_RECURSION = YES;
				CLANG_WARN_INT_CONVERSION = YES;
				CLANG_WARN_NON_LITERAL_NULL_CONVERSION = YES;
				CLANG_WARN_OBJC_IMPLICIT_RETAIN_SELF = YES;
				CLANG_WARN_OBJC_LITERAL_CONVERSION = YES;
				CLANG_WARN_OBJC_ROOT_CLASS = YES_ERROR;
				CLANG_WARN_RANGE_LOOP_ANALYSIS = YES;
				CLANG_WARN_STRICT_PROTOTYPES = YES;
				CLANG_WARN_SUSPICIOUS_MOVE = YES;
				CLANG_WARN_UNGUARDED_AVAILABILITY = YES_AGGRESSIVE;
				CLANG_WARN_UNREACHABLE_CODE = YES;
				CLANG_WARN__DUPLICATE_METHOD_MATCH = YES;
				CODE_SIGN_IDENTITY = "iPhone Developer";
				COPY_PHASE_STRIP = NO;
				DEBUG_INFORMATION_FORMAT = "dwarf-with-dsym";
				ENABLE_NS_ASSERTIONS = NO;
				ENABLE_STRICT_OBJC_MSGSEND = YES;
				GCC_C_LANGUAGE_STANDARD = gnu11;
				GCC_NO_COMMON_BLOCKS = YES;
				GCC_WARN_64_TO_32_BIT_CONVERSION = YES;
				GCC_WARN_ABOUT_RETURN_TYPE = YES_ERROR;
				GCC_WARN_UNDECLARED_SELECTOR = YES;
				GCC_WARN_UNINITIALIZED_AUTOS = YES_AGGRESSIVE;
				GCC_WARN_UNUSED_FUNCTION = YES;
				GCC_WARN_UNUSED_VARIABLE = YES;
				IPHONEOS_DEPLOYMENT_TARGET = 12.1;
				MTL_ENABLE_DEBUG_INFO = NO;
				MTL_FAST_MATH = YES;
				SDKROOT = iphoneos;
				SWIFT_COMPILATION_MODE = wholemodule;
				SWIFT_OPTIMIZATION_LEVEL = "-O";
				VALIDATE_PRODUCT = YES;
			};
			name = Release;
		};
		3729376D21BE45DB0002AC7E /* Debug */ = {
			isa = XCBuildConfiguration;
			buildSettings = {
				ASSETCATALOG_COMPILER_APPICON_NAME = AppIcon;
				CODE_SIGN_STYLE = Automatic;
				INFOPLIST_FILE = HelloWorld/Info.plist;
				LD_RUNPATH_SEARCH_PATHS = (
					"$(inherited)",
					"@executable_path/Frameworks",
				);
				PRODUCT_BUNDLE_IDENTIFIER = net.macnpc.HelloWorld;
				PRODUCT_NAME = "$(TARGET_NAME)";
				SWIFT_VERSION = 4.2;
				TARGETED_DEVICE_FAMILY = "1,2";
			};
			name = Debug;
		};
		3729376E21BE45DB0002AC7E /* Release */ = {
			isa = XCBuildConfiguration;
			buildSettings = {
				ASSETCATALOG_COMPILER_APPICON_NAME = AppIcon;
				CODE_SIGN_STYLE = Automatic;
				INFOPLIST_FILE = HelloWorld/Info.plist;
				LD_RUNPATH_SEARCH_PATHS = (
					"$(inherited)",
					"@executable_path/Frameworks",
				);
				PRODUCT_BUNDLE_IDENTIFIER = net.macnpc.HelloWorld;
				PRODUCT_NAME = "$(TARGET_NAME)";
				SWIFT_VERSION = 4.2;
				TARGETED_DEVICE_FAMILY = "1,2";
			};
			name = Release;
		};
		3729377021BE45DB0002AC7E /* Debug */ = {
			isa = XCBuildConfiguration;
			buildSettings = {
				ALWAYS_EMBED_SWIFT_STANDARD_LIBRARIES = YES;
				BUNDLE_LOADER = "$(TEST_HOST)";
				CODE_SIGN_STYLE = Automatic;
				INFOPLIST_FILE = HelloWorldTests/Info.plist;
				LD_RUNPATH_SEARCH_PATHS = (
					"$(inherited)",
					"@executable_path/Frameworks",
					"@loader_path/Frameworks",
				);
				PRODUCT_BUNDLE_IDENTIFIER = net.macnpc.HelloWorldTests;
				PRODUCT_NAME = "$(TARGET_NAME)";
				SWIFT_VERSION = 4.2;
				TARGETED_DEVICE_FAMILY = "1,2";
				TEST_HOST = "$(BUILT_PRODUCTS_DIR)/HelloWorld.app/HelloWorld";
			};
			name = Debug;
		};
		3729377121BE45DB0002AC7E /* Release */ = {
			isa = XCBuildConfiguration;
			buildSettings = {
				ALWAYS_EMBED_SWIFT_STANDARD_LIBRARIES = YES;
				BUNDLE_LOADER = "$(TEST_HOST)";
				CODE_SIGN_STYLE = Automatic;
				INFOPLIST_FILE = HelloWorldTests/Info.plist;
				LD_RUNPATH_SEARCH_PATHS = (
					"$(inherited)",
					"@executable_path/Frameworks",
					"@loader_path/Frameworks",
				);
				PRODUCT_BUNDLE_IDENTIFIER = net.macnpc.HelloWorldTests;
				PRODUCT_NAME = "$(TARGET_NAME)";
				SWIFT_VERSION = 4.2;
				TARGETED_DEVICE_FAMILY = "1,2";
				TEST_HOST = "$(BUILT_PRODUCTS_DIR)/HelloWorld.app/HelloWorld";
			};
			name = Release;
		};
		3729377321BE45DB0002AC7E /* Debug */ = {
			isa = XCBuildConfiguration;
			buildSettings = {
				ALWAYS_EMBED_SWIFT_STANDARD_LIBRARIES = YES;
				CODE_SIGN_STYLE = Automatic;
				INFOPLIST_FILE = HelloWorldUITests/Info.plist;
				LD_RUNPATH_SEARCH_PATHS = (
					"$(inherited)",
					"@executable_path/Frameworks",
					"@loader_path/Frameworks",
				);
				PRODUCT_BUNDLE_IDENTIFIER = net.macnpc.HelloWorldUITests;
				PRODUCT_NAME = "$(TARGET_NAME)";
				SWIFT_VERSION = 4.2;
				TARGETED_DEVICE_FAMILY = "1,2";
				TEST_TARGET_NAME = HelloWorld;
			};
			name = Debug;
		};
		3729377421BE45DB0002AC7E /* Release */ = {
			isa = XCBuildConfiguration;
			buildSettings = {
				ALWAYS_EMBED_SWIFT_STANDARD_LIBRARIES = YES;
				CODE_SIGN_STYLE = Automatic;
				INFOPLIST_FILE = HelloWorldUITests/Info.plist;
				LD_RUNPATH_SEARCH_PATHS = (
					"$(inherited)",
					"@executable_path/Frameworks",
					"@loader_path/Frameworks",
				);
				PRODUCT_BUNDLE_IDENTIFIER = net.macnpc.HelloWorldUITests;
				PRODUCT_NAME = "$(TARGET_NAME)";
				SWIFT_VERSION = 4.2;
				TARGETED_DEVICE_FAMILY = "1,2";
				TEST_TARGET_NAME = HelloWorld;
			};
			name = Release;
		};
/* End XCBuildConfiguration section */

/* Begin XCConfigurationList section */
		3729373F21BE45DA0002AC7E /* Build configuration list for PBXProject "HelloWorld" */ = {
			isa = XCConfigurationList;
			buildConfigurations = (
				3729376A21BE45DB0002AC7E /* Debug */,
				3729376B21BE45DB0002AC7E /* Release */,
			);
			defaultConfigurationIsVisible = 0;
			defaultConfigurationName = Release;
		};
		3729376C21BE45DB0002AC7E /* Build configuration list for PBXNativeTarget "HelloWorld" */ = {
			isa = XCConfigurationList;
			buildConfigurations = (
				3729376D21BE45DB0002AC7E /* Debug */,
				3729376E21BE45DB0002AC7E /* Release */,
			);
			defaultConfigurationIsVisible = 0;
			defaultConfigurationName = Release;
		};
		3729376F21BE45DB0002AC7E /* Build configuration list for PBXNativeTarget "HelloWorldTests" */ = {
			isa = XCConfigurationList;
			buildConfigurations = (
				3729377021BE45DB0002AC7E /* Debug */,
				3729377121BE45DB0002AC7E /* Release */,
			);
			defaultConfigurationIsVisible = 0;
			defaultConfigurationName = Release;
		};
		3729377221BE45DB0002AC7E /* Build configuration list for PBXNativeTarget "HelloWorldUITests" */ = {
			isa = XCConfigurationList;
			buildConfigurations = (
				3729377321BE45DB0002AC7E /* Debug */,
				3729377421BE45DB0002AC7E /* Release */,
			);
			defaultConfigurationIsVisible = 0;
			defaultConfigurationName = Release;
		};
/* End XCConfigurationList section */
	};
	rootObject = 3729373C21BE45DA0002AC7E /* Project object */;
}
