// !$*UTF8*$!
{
	archiveVersion = 1;
	classes = {
	};
	objectVersion = 50;
	objects = {

/* Begin PBXBuildFile section */
		3727354121FB03C2003DE194 /* AppDelegate.swift in Sources */ = {isa = PBXBuildFile; fileRef = 3727354021FB03C2003DE194 /* AppDelegate.swift */; };
		3727354321FB03C2003DE194 /* ViewController.swift in Sources */ = {isa = PBXBuildFile; fileRef = 3727354221FB03C2003DE194 /* ViewController.swift */; };
		3727354621FB03C2003DE194 /* Main.storyboard in Resources */ = {isa = PBXBuildFile; fileRef = 3727354421FB03C2003DE194 /* Main.storyboard */; };
		3727354821FB03C4003DE194 /* Assets.xcassets in Resources */ = {isa = PBXBuildFile; fileRef = 3727354721FB03C4003DE194 /* Assets.xcassets */; };
		3727354B21FB03C4003DE194 /* LaunchScreen.storyboard in Resources */ = {isa = PBXBuildFile; fileRef = 3727354921FB03C4003DE194 /* LaunchScreen.storyboard */; };
		3727355321FB0529003DE194 /* WeatherCell.swift in Sources */ = {isa = PBXBuildFile; fileRef = 3727355221FB0529003DE194 /* WeatherCell.swift */; };
		372D75DB21FD8C5300190BBF /* blizzard.png in Resources */ = {isa = PBXBuildFile; fileRef = 372D75D621FD8C5300190BBF /* blizzard.png */; };
		372D75DC21FD8C5300190BBF /* cloudy.png in Resources */ = {isa = PBXBuildFile; fileRef = 372D75D721FD8C5300190BBF /* cloudy.png */; };
		372D75DD21FD8C5300190BBF /* snow.png in Resources */ = {isa = PBXBuildFile; fileRef = 372D75D821FD8C5300190BBF /* snow.png */; };
		372D75DE21FD8C5300190BBF /* sunny.png in Resources */ = {isa = PBXBuildFile; fileRef = 372D75D921FD8C5300190BBF /* sunny.png */; };
		372D75DF21FD8C5300190BBF /* rainy.png in Resources */ = {isa = PBXBuildFile; fileRef = 372D75DA21FD8C5300190BBF /* rainy.png */; };
/* End PBXBuildFile section */

/* Begin PBXFileReference section */
		3727353D21FB03C2003DE194 /* XMLParser.app */ = {isa = PBXFileReference; explicitFileType = wrapper.application; includeInIndex = 0; path = XMLParser.app; sourceTree = BUILT_PRODUCTS_DIR; };
		3727354021FB03C2003DE194 /* AppDelegate.swift */ = {isa = PBXFileReference; lastKnownFileType = sourcecode.swift; path = AppDelegate.swift; sourceTree = "<group>"; };
		3727354221FB03C2003DE194 /* ViewController.swift */ = {isa = PBXFileReference; lastKnownFileType = sourcecode.swift; path = ViewController.swift; sourceTree = "<group>"; };
		3727354521FB03C2003DE194 /* Base */ = {isa = PBXFileReference; lastKnownFileType = file.storyboard; name = Base; path = Base.lproj/Main.storyboard; sourceTree = "<group>"; };
		3727354721FB03C4003DE194 /* Assets.xcassets */ = {isa = PBXFileReference; lastKnownFileType = folder.assetcatalog; path = Assets.xcassets; sourceTree = "<group>"; };
		3727354A21FB03C4003DE194 /* Base */ = {isa = PBXFileReference; lastKnownFileType = file.storyboard; name = Base; path = Base.lproj/LaunchScreen.storyboard; sourceTree = "<group>"; };
		3727354C21FB03C4003DE194 /* Info.plist */ = {isa = PBXFileReference; lastKnownFileType = text.plist.xml; path = Info.plist; sourceTree = "<group>"; };
		3727355221FB0529003DE194 /* WeatherCell.swift */ = {isa = PBXFileReference; lastKnownFileType = sourcecode.swift; path = WeatherCell.swift; sourceTree = "<group>"; usesTabs = 0; };
		372D75D621FD8C5300190BBF /* blizzard.png */ = {isa = PBXFileReference; lastKnownFileType = image.png; path = blizzard.png; sourceTree = "<group>"; };
		372D75D721FD8C5300190BBF /* cloudy.png */ = {isa = PBXFileReference; lastKnownFileType = image.png; path = cloudy.png; sourceTree = "<group>"; };
		372D75D821FD8C5300190BBF /* snow.png */ = {isa = PBXFileReference; lastKnownFileType = image.png; path = snow.png; sourceTree = "<group>"; };
		372D75D921FD8C5300190BBF /* sunny.png */ = {isa = PBXFileReference; lastKnownFileType = image.png; path = sunny.png; sourceTree = "<group>"; };
		372D75DA21FD8C5300190BBF /* rainy.png */ = {isa = PBXFileReference; lastKnownFileType = image.png; path = rainy.png; sourceTree = "<group>"; };
/* End PBXFileReference section */

/* Begin PBXFrameworksBuildPhase section */
		3727353A21FB03C2003DE194 /* Frameworks */ = {
			isa = PBXFrameworksBuildPhase;
			buildActionMask = 2147483647;
			files = (
			);
			runOnlyForDeploymentPostprocessing = 0;
		};
/* End PBXFrameworksBuildPhase section */

/* Begin PBXGroup section */
		3727353421FB03C2003DE194 = {
			isa = PBXGroup;
			children = (
				3727353F21FB03C2003DE194 /* XMLParser */,
				3727353E21FB03C2003DE194 /* Products */,
			);
			sourceTree = "<group>";
		};
		3727353E21FB03C2003DE194 /* Products */ = {
			isa = PBXGroup;
			children = (
				3727353D21FB03C2003DE194 /* XMLParser.app */,
			);
			name = Products;
			sourceTree = "<group>";
		};
		3727353F21FB03C2003DE194 /* XMLParser */ = {
			isa = PBXGroup;
			children = (
				372D75D321FD8C2700190BBF /* Resource */,
				3727354021FB03C2003DE194 /* AppDelegate.swift */,
				3727354221FB03C2003DE194 /* ViewController.swift */,
				3727354421FB03C2003DE194 /* Main.storyboard */,
				3727355221FB0529003DE194 /* WeatherCell.swift */,
				3727354721FB03C4003DE194 /* Assets.xcassets */,
				3727354921FB03C4003DE194 /* LaunchScreen.storyboard */,
				3727354C21FB03C4003DE194 /* Info.plist */,
			);
			path = XMLParser;
			sourceTree = "<group>";
		};
		372D75D321FD8C2700190BBF /* Resource */ = {
			isa = PBXGroup;
			children = (
				372D75D621FD8C5300190BBF /* blizzard.png */,
				372D75D721FD8C5300190BBF /* cloudy.png */,
				372D75DA21FD8C5300190BBF /* rainy.png */,
				372D75D821FD8C5300190BBF /* snow.png */,
				372D75D921FD8C5300190BBF /* sunny.png */,
			);
			path = Resource;
			sourceTree = "<group>";
		};
/* End PBXGroup section */

/* Begin PBXNativeTarget section */
		3727353C21FB03C2003DE194 /* XMLParser */ = {
			isa = PBXNativeTarget;
			buildConfigurationList = 3727354F21FB03C4003DE194 /* Build configuration list for PBXNativeTarget "XMLParser" */;
			buildPhases = (
				3727353921FB03C2003DE194 /* Sources */,
				3727353A21FB03C2003DE194 /* Frameworks */,
				3727353B21FB03C2003DE194 /* Resources */,
			);
			buildRules = (
			);
			dependencies = (
			);
			name = XMLParser;
			productName = XMLParser;
			productReference = 3727353D21FB03C2003DE194 /* XMLParser.app */;
			productType = "com.apple.product-type.application";
		};
/* End PBXNativeTarget section */

/* Begin PBXProject section */
		3727353521FB03C2003DE194 /* Project object */ = {
			isa = PBXProject;
			attributes = {
				LastSwiftUpdateCheck = 1010;
				LastUpgradeCheck = 1010;
				ORGANIZATIONNAME = baby1234;
				TargetAttributes = {
					3727353C21FB03C2003DE194 = {
						CreatedOnToolsVersion = 10.1;
					};
				};
			};
			buildConfigurationList = 3727353821FB03C2003DE194 /* Build configuration list for PBXProject "XMLParser" */;
			compatibilityVersion = "Xcode 9.3";
			developmentRegion = en;
			hasScannedForEncodings = 0;
			knownRegions = (
				en,
				Base,
			);
			mainGroup = 3727353421FB03C2003DE194;
			productRefGroup = 3727353E21FB03C2003DE194 /* Products */;
			projectDirPath = "";
			projectRoot = "";
			targets = (
				3727353C21FB03C2003DE194 /* XMLParser */,
			);
		};
/* End PBXProject section */

/* Begin PBXResourcesBuildPhase section */
		3727353B21FB03C2003DE194 /* Resources */ = {
			isa = PBXResourcesBuildPhase;
			buildActionMask = 2147483647;
			files = (
				372D75DE21FD8C5300190BBF /* sunny.png in Resources */,
				3727354B21FB03C4003DE194 /* LaunchScreen.storyboard in Resources */,
				372D75DB21FD8C5300190BBF /* blizzard.png in Resources */,
				372D75DD21FD8C5300190BBF /* snow.png in Resources */,
				3727354821FB03C4003DE194 /* Assets.xcassets in Resources */,
				372D75DC21FD8C5300190BBF /* cloudy.png in Resources */,
				3727354621FB03C2003DE194 /* Main.storyboard in Resources */,
				372D75DF21FD8C5300190BBF /* rainy.png in Resources */,
			);
			runOnlyForDeploymentPostprocessing = 0;
		};
/* End PBXResourcesBuildPhase section */

/* Begin PBXSourcesBuildPhase section */
		3727353921FB03C2003DE194 /* Sources */ = {
			isa = PBXSourcesBuildPhase;
			buildActionMask = 2147483647;
			files = (
				3727354321FB03C2003DE194 /* ViewController.swift in Sources */,
				3727354121FB03C2003DE194 /* AppDelegate.swift in Sources */,
				3727355321FB0529003DE194 /* WeatherCell.swift in Sources */,
			);
			runOnlyForDeploymentPostprocessing = 0;
		};
/* End PBXSourcesBuildPhase section */

/* Begin PBXVariantGroup section */
		3727354421FB03C2003DE194 /* Main.storyboard */ = {
			isa = PBXVariantGroup;
			children = (
				3727354521FB03C2003DE194 /* Base */,
			);
			name = Main.storyboard;
			sourceTree = "<group>";
		};
		3727354921FB03C4003DE194 /* LaunchScreen.storyboard */ = {
			isa = PBXVariantGroup;
			children = (
				3727354A21FB03C4003DE194 /* Base */,
			);
			name = LaunchScreen.storyboard;
			sourceTree = "<group>";
		};
/* End PBXVariantGroup section */

/* Begin XCBuildConfiguration section */
		3727354D21FB03C4003DE194 /* Debug */ = {
			isa = XCBuildConfiguration;
			buildSettings = {
				ALWAYS_SEARCH_USER_PATHS = NO;
				CLANG_ANALYZER_NONNULL = YES;
				CLANG_ANALYZER_NUMBER_OBJECT_CONVERSION = YES_AGGRESSIVE;
				CLANG_CXX_LANGUAGE_STANDARD = "gnu++14";
				CLANG_CXX_LIBRARY = "libc++";
				CLANG_ENABLE_MODULES = YES;
				CLANG_ENABLE_OBJC_ARC = YES;
				CLANG_ENABLE_OBJC_WEAK = YES;
				CLANG_WARN_BLOCK_CAPTURE_AUTORELEASING = YES;
				CLANG_WARN_BOOL_CONVERSION = YES;
				CLANG_WARN_COMMA = YES;
				CLANG_WARN_CONSTANT_CONVERSION = YES;
				CLANG_WARN_DEPRECATED_OBJC_IMPLEMENTATIONS = YES;
				CLANG_WARN_DIRECT_OBJC_ISA_USAGE = YES_ERROR;
				CLANG_WARN_DOCUMENTATION_COMMENTS = YES;
				CLANG_WARN_EMPTY_BODY = YES;
				CLANG_WARN_ENUM_CONVERSION = YES;
				CLANG_WARN_INFINITE_RECURSION = YES;
				CLANG_WARN_INT_CONVERSION = YES;
				CLANG_WARN_NON_LITERAL_NULL_CONVERSION = YES;
				CLANG_WARN_OBJC_IMPLICIT_RETAIN_SELF = YES;
				CLANG_WARN_OBJC_LITERAL_CONVERSION = YES;
				CLANG_WARN_OBJC_ROOT_CLASS = YES_ERROR;
				CLANG_WARN_RANGE_LOOP_ANALYSIS = YES;
				CLANG_WARN_STRICT_PROTOTYPES = YES;
				CLANG_WARN_SUSPICIOUS_MOVE = YES;
				CLANG_WARN_UNGUARDED_AVAILABILITY = YES_AGGRESSIVE;
				CLANG_WARN_UNREACHABLE_CODE = YES;
				CLANG_WARN__DUPLICATE_METHOD_MATCH = YES;
				CODE_SIGN_IDENTITY = "iPhone Developer";
				COPY_PHASE_STRIP = NO;
				DEBUG_INFORMATION_FORMAT = dwarf;
				ENABLE_STRICT_OBJC_MSGSEND = YES;
				ENABLE_TESTABILITY = YES;
				GCC_C_LANGUAGE_STANDARD = gnu11;
				GCC_DYNAMIC_NO_PIC = NO;
				GCC_NO_COMMON_BLOCKS = YES;
				GCC_OPTIMIZATION_LEVEL = 0;
				GCC_PREPROCESSOR_DEFINITIONS = (
					"DEBUG=1",
					"$(inherited)",
				);
				GCC_WARN_64_TO_32_BIT_CONVERSION = YES;
				GCC_WARN_ABOUT_RETURN_TYPE = YES_ERROR;
				GCC_WARN_UNDECLARED_SELECTOR = YES;
				GCC_WARN_UNINITIALIZED_AUTOS = YES_AGGRESSIVE;
				GCC_WARN_UNUSED_FUNCTION = YES;
				GCC_WARN_UNUSED_VARIABLE = YES;
				IPHONEOS_DEPLOYMENT_TARGET = 12.1;
				MTL_ENABLE_DEBUG_INFO = INCLUDE_SOURCE;
				MTL_FAST_MATH = YES;
				ONLY_ACTIVE_ARCH = YES;
				SDKROOT = iphoneos;
				SWIFT_ACTIVE_COMPILATION_CONDITIONS = DEBUG;
				SWIFT_OPTIMIZATION_LEVEL = "-Onone";
			};
			name = Debug;
		};
		3727354E21FB03C4003DE194 /* Release */ = {
			isa = XCBuildConfiguration;
			buildSettings = {
				ALWAYS_SEARCH_USER_PATHS = NO;
				CLANG_ANALYZER_NONNULL = YES;
				CLANG_ANALYZER_NUMBER_OBJECT_CONVERSION = YES_AGGRESSIVE;
				CLANG_CXX_LANGUAGE_STANDARD = "gnu++14";
				CLANG_CXX_LIBRARY = "libc++";
				CLANG_ENABLE_MODULES = YES;
				CLANG_ENABLE_OBJC_ARC = YES;
				CLANG_ENABLE_OBJC_WEAK = YES;
				CLANG_WARN_BLOCK_CAPTURE_AUTORELEASING = YES;
				CLANG_WARN_BOOL_CONVERSION = YES;
				CLANG_WARN_COMMA = YES;
				CLANG_WARN_CONSTANT_CONVERSION = YES;
				CLANG_WARN_DEPRECATED_OBJC_IMPLEMENTATIONS = YES;
				CLANG_WARN_DIRECT_OBJC_ISA_USAGE = YES_ERROR;
				CLANG_WARN_DOCUMENTATION_COMMENTS = YES;
				CLANG_WARN_EMPTY_BODY = YES;
				CLANG_WARN_ENUM_CONVERSION = YES;
				CLANG_WARN_INFINITE_RECURSION = YES;
				CLANG_WARN_INT_CONVERSION = YES;
				CLANG_WARN_NON_LITERAL_NULL_CONVERSION = YES;
				CLANG_WARN_OBJC_IMPLICIT_RETAIN_SELF = YES;
				CLANG_WARN_OBJC_LITERAL_CONVERSION = YES;
				CLANG_WARN_OBJC_ROOT_CLASS = YES_ERROR;
				CLANG_WARN_RANGE_LOOP_ANALYSIS = YES;
				CLANG_WARN_STRICT_PROTOTYPES = YES;
				CLANG_WARN_SUSPICIOUS_MOVE = YES;
				CLANG_WARN_UNGUARDED_AVAILABILITY = YES_AGGRESSIVE;
				CLANG_WARN_UNREACHABLE_CODE = YES;
				CLANG_WARN__DUPLICATE_METHOD_MATCH = YES;
				CODE_SIGN_IDENTITY = "iPhone Developer";
				COPY_PHASE_STRIP = NO;
				DEBUG_INFORMATION_FORMAT = "dwarf-with-dsym";
				ENABLE_NS_ASSERTIONS = NO;
				ENABLE_STRICT_OBJC_MSGSEND = YES;
				GCC_C_LANGUAGE_STANDARD = gnu11;
				GCC_NO_COMMON_BLOCKS = YES;
				GCC_WARN_64_TO_32_BIT_CONVERSION = YES;
				GCC_WARN_ABOUT_RETURN_TYPE = YES_ERROR;
				GCC_WARN_UNDECLARED_SELECTOR = YES;
				GCC_WARN_UNINITIALIZED_AUTOS = YES_AGGRESSIVE;
				GCC_WARN_UNUSED_FUNCTION = YES;
				GCC_WARN_UNUSED_VARIABLE = YES;
				IPHONEOS_DEPLOYMENT_TARGET = 12.1;
				MTL_ENABLE_DEBUG_INFO = NO;
				MTL_FAST_MATH = YES;
				SDKROOT = iphoneos;
				SWIFT_COMPILATION_MODE = wholemodule;
				SWIFT_OPTIMIZATION_LEVEL = "-O";
				VALIDATE_PRODUCT = YES;
			};
			name = Release;
		};
		3727355021FB03C4003DE194 /* Debug */ = {
			isa = XCBuildConfiguration;
			buildSettings = {
				ASSETCATALOG_COMPILER_APPICON_NAME = AppIcon;
				CODE_SIGN_STYLE = Automatic;
				INFOPLIST_FILE = XMLParser/Info.plist;
				LD_RUNPATH_SEARCH_PATHS = (
					"$(inherited)",
					"@executable_path/Frameworks",
				);
				PRODUCT_BUNDLE_IDENTIFIER = net.macnpc.XMLParser;
				PRODUCT_NAME = "$(TARGET_NAME)";
				SWIFT_VERSION = 4.2;
				TARGETED_DEVICE_FAMILY = "1,2";
			};
			name = Debug;
		};
		3727355121FB03C4003DE194 /* Release */ = {
			isa = XCBuildConfiguration;
			buildSettings = {
				ASSETCATALOG_COMPILER_APPICON_NAME = AppIcon;
				CODE_SIGN_STYLE = Automatic;
				INFOPLIST_FILE = XMLParser/Info.plist;
				LD_RUNPATH_SEARCH_PATHS = (
					"$(inherited)",
					"@executable_path/Frameworks",
				);
				PRODUCT_BUNDLE_IDENTIFIER = net.macnpc.XMLParser;
				PRODUCT_NAME = "$(TARGET_NAME)";
				SWIFT_VERSION = 4.2;
				TARGETED_DEVICE_FAMILY = "1,2";
			};
			name = Release;
		};
/* End XCBuildConfiguration section */

/* Begin XCConfigurationList section */
		3727353821FB03C2003DE194 /* Build configuration list for PBXProject "XMLParser" */ = {
			isa = XCConfigurationList;
			buildConfigurations = (
				3727354D21FB03C4003DE194 /* Debug */,
				3727354E21FB03C4003DE194 /* Release */,
			);
			defaultConfigurationIsVisible = 0;
			defaultConfigurationName = Release;
		};
		3727354F21FB03C4003DE194 /* Build configuration list for PBXNativeTarget "XMLParser" */ = {
			isa = XCConfigurationList;
			buildConfigurations = (
				3727355021FB03C4003DE194 /* Debug */,
				3727355121FB03C4003DE194 /* Release */,
			);
			defaultConfigurationIsVisible = 0;
			defaultConfigurationName = Release;
		};
/* End XCConfigurationList section */
	};
	rootObject = 3727353521FB03C2003DE194 /* Project object */;
}
